{
    "name": "asm-syntaxhighlight",
    "version": "0.2.1",
    "lockfileVersion": 2,
    "requires": true,
    "packages": {
        "": {
            "name": "asm-syntaxhighlight",
            "version": "0.2.1",
            "engines": {
                "vscode": "^1.60.0"
            }
        }
    }
}
